
Microsoft Visual Studio Solution File, Format Version 12.00
# Visual Studio 15
VisualStudioVersion = 15.0.26730.12
MinimumVisualStudioVersion = 10.0.40219.1
Project("{8BC9CEB8-8B4A-11D0-8D11-00A0C91BC942}") = "Lab2Server", "Lab2Server\Lab2Server.vcxproj", "{E18737EF-5937-4B1E-A844-28821AC6C202}"
EndProject
Project("{8BC9CEB8-8B4A-11D0-8D11-00A0C91BC942}") = "Lab2Client", "Lab2Client\Lab2Client.vcxproj", "{8A1DB84B-493C-4BA7-ABAD-E2CE323B716D}"
EndProject
Global
	GlobalSection(SolutionConfigurationPlatforms) = preSolution
		Debug|x64 = Debug|x64
		Debug|x86 = Debug|x86
		Release|x64 = Release|x64
		Release|x86 = Release|x86
	EndGlobalSection
	GlobalSection(ProjectConfigurationPlatforms) = postSolution
		{E18737EF-5937-4B1E-A844-28821AC6C202}.Debug|x64.ActiveCfg = Debug|x64
		{E18737EF-5937-4B1E-A844-28821AC6C202}.Debug|x64.Build.0 = Debug|x64
		{E18737EF-5937-4B1E-A844-28821AC6C202}.Debug|x86.ActiveCfg = Debug|Win32
		{E18737EF-5937-4B1E-A844-28821AC6C202}.Debug|x86.Build.0 = Debug|Win32
		{E18737EF-5937-4B1E-A844-28821AC6C202}.Release|x64.ActiveCfg = Release|x64
		{E18737EF-5937-4B1E-A844-28821AC6C202}.Release|x64.Build.0 = Release|x64
		{E18737EF-5937-4B1E-A844-28821AC6C202}.Release|x86.ActiveCfg = Release|Win32
		{E18737EF-5937-4B1E-A844-28821AC6C202}.Release|x86.Build.0 = Release|Win32
		{8A1DB84B-493C-4BA7-ABAD-E2CE323B716D}.Debug|x64.ActiveCfg = Debug|x64
		{8A1DB84B-493C-4BA7-ABAD-E2CE323B716D}.Debug|x64.Build.0 = Debug|x64
		{8A1DB84B-493C-4BA7-ABAD-E2CE323B716D}.Debug|x86.ActiveCfg = Debug|Win32
		{8A1DB84B-493C-4BA7-ABAD-E2CE323B716D}.Debug|x86.Build.0 = Debug|Win32
		{8A1DB84B-493C-4BA7-ABAD-E2CE323B716D}.Release|x64.ActiveCfg = Release|x64
		{8A1DB84B-493C-4BA7-ABAD-E2CE323B716D}.Release|x64.Build.0 = Release|x64
		{8A1DB84B-493C-4BA7-ABAD-E2CE323B716D}.Release|x86.ActiveCfg = Release|Win32
		{8A1DB84B-493C-4BA7-ABAD-E2CE323B716D}.Release|x86.Build.0 = Release|Win32
	EndGlobalSection
	GlobalSection(SolutionProperties) = preSolution
		HideSolutionNode = FALSE
	EndGlobalSection
	GlobalSection(ExtensibilityGlobals) = postSolution
		SolutionGuid = {F0267CB5-59C3-4520-8213-522F27C51678}
	EndGlobalSection
EndGlobal
